{
  "version": 4,
  "terraform_version": "0.13.7",
  "serial": 3,
  "lineage": "dd571165-1327-4ec6-d38b-3fdb9ffa9a0e",
  "outputs": {},
  "resources": [
    {
      "mode": "managed",
      "type": "google_storage_bucket",
      "name": "tfstate",
      "provider": "provider[\"registry.terraform.io/hashicorp/google\"]",
      "instances": [
        {
          "schema_version": 0,
          "attributes": {
            "bucket_policy_only": true,
            "cors": [],
            "default_event_based_hold": false,
            "encryption": [],
            "force_destroy": false,
            "id": "core-ml-engprod-build-farm-tfstate",
            "labels": null,
            "lifecycle_rule": [],
            "location": "US",
            "logging": [],
            "name": "core-ml-engprod-build-farm-tfstate",
            "project": "core-ml-engprod-build-farm",
            "requester_pays": false,
            "retention_policy": [],
            "self_link": "https://www.googleapis.com/storage/v1/b/core-ml-engprod-build-farm-tfstate",
            "storage_class": "STANDARD",
            "uniform_bucket_level_access": true,
            "url": "gs://core-ml-engprod-build-farm-tfstate",
            "versioning": [
              {
                "enabled": true
              }
            ],
            "website": []
          },
          "private": "bnVsbA=="
        }
      ]
    }
  ]
}
